
Microsoft Visual Studio Solution File, Format Version 12.00
# Visual Studio Version 17
VisualStudioVersion = 17.14.36401.2
MinimumVisualStudioVersion = 10.0.40219.1
Project("{FAE04EC0-301F-11D3-BF4B-00C04F79EFBC}") = "Uniring.Web", "Uniring.Web\Uniring.Web.csproj", "{3930AFB1-61E2-4B88-8141-7BB42B5D44BD}"
EndProject
Project("{2150E333-8FDC-42A3-9474-1A3956D46DE8}") = "src", "src", "{02EA681E-C7D8-13C7-8484-4AC65E1B71E8}"
EndProject
Project("{FAE04EC0-301F-11D3-BF4B-00C04F79EFBC}") = "Uniring.Application", "Uniring.Application\Uniring.Application.csproj", "{0E6C9AEA-C901-4D84-A510-5835215A81AD}"
EndProject
Project("{2150E333-8FDC-42A3-9474-1A3956D46DE8}") = "tests", "tests", "{396B933A-F776-4371-80CA-2AAF04B631D6}"
EndProject
Project("{FAE04EC0-301F-11D3-BF4B-00C04F79EFBC}") = "Uniring.Application.Tests", "Uniring.Application.Tests\Uniring.Application.Tests.csproj", "{FDBCF915-BF96-4205-AD77-B99A27F6C655}"
EndProject
Project("{FAE04EC0-301F-11D3-BF4B-00C04F79EFBC}") = "Uniring.Domain", "Uniring.Domain\Uniring.Domain.csproj", "{F2431347-C839-452E-B4C1-C1DDF8C3EC4D}"
EndProject
Project("{FAE04EC0-301F-11D3-BF4B-00C04F79EFBC}") = "Uniring.Domain.Tests", "Uniring.Domain.Tests\Uniring.Domain.Tests.csproj", "{D3A2CB13-F4AA-4ABE-A6AE-798FC9D4876A}"
EndProject
Project("{FAE04EC0-301F-11D3-BF4B-00C04F79EFBC}") = "Uniring.Infrastructure", "Uniring.Infrastructure\Uniring.Infrastructure.csproj", "{4BA72A06-A630-437F-A0E6-7DB609938FF2}"
EndProject
Project("{FAE04EC0-301F-11D3-BF4B-00C04F79EFBC}") = "Uniring.Infrastructure.Tests", "Uniring.Infrastructure.Tests\Uniring.Infrastructure.Tests.csproj", "{5828B181-CB95-4CD7-9D02-A78B8F914BC8}"
EndProject
Project("{FAE04EC0-301F-11D3-BF4B-00C04F79EFBC}") = "Uniring.Contracts", "Uniring.Contracts\Uniring.Contracts.csproj", "{DFD0059B-2240-44BE-AEB3-D5AB2DC634DA}"
EndProject
Global
	GlobalSection(SolutionConfigurationPlatforms) = preSolution
		Debug|Any CPU = Debug|Any CPU
		Release|Any CPU = Release|Any CPU
	EndGlobalSection
	GlobalSection(ProjectConfigurationPlatforms) = postSolution
		{3930AFB1-61E2-4B88-8141-7BB42B5D44BD}.Debug|Any CPU.ActiveCfg = Debug|Any CPU
		{3930AFB1-61E2-4B88-8141-7BB42B5D44BD}.Debug|Any CPU.Build.0 = Debug|Any CPU
		{3930AFB1-61E2-4B88-8141-7BB42B5D44BD}.Release|Any CPU.ActiveCfg = Release|Any CPU
		{3930AFB1-61E2-4B88-8141-7BB42B5D44BD}.Release|Any CPU.Build.0 = Release|Any CPU
		{0E6C9AEA-C901-4D84-A510-5835215A81AD}.Debug|Any CPU.ActiveCfg = Debug|Any CPU
		{0E6C9AEA-C901-4D84-A510-5835215A81AD}.Debug|Any CPU.Build.0 = Debug|Any CPU
		{0E6C9AEA-C901-4D84-A510-5835215A81AD}.Release|Any CPU.ActiveCfg = Release|Any CPU
		{0E6C9AEA-C901-4D84-A510-5835215A81AD}.Release|Any CPU.Build.0 = Release|Any CPU
		{FDBCF915-BF96-4205-AD77-B99A27F6C655}.Debug|Any CPU.ActiveCfg = Debug|Any CPU
		{FDBCF915-BF96-4205-AD77-B99A27F6C655}.Debug|Any CPU.Build.0 = Debug|Any CPU
		{FDBCF915-BF96-4205-AD77-B99A27F6C655}.Release|Any CPU.ActiveCfg = Release|Any CPU
		{FDBCF915-BF96-4205-AD77-B99A27F6C655}.Release|Any CPU.Build.0 = Release|Any CPU
		{F2431347-C839-452E-B4C1-C1DDF8C3EC4D}.Debug|Any CPU.ActiveCfg = Debug|Any CPU
		{F2431347-C839-452E-B4C1-C1DDF8C3EC4D}.Debug|Any CPU.Build.0 = Debug|Any CPU
		{F2431347-C839-452E-B4C1-C1DDF8C3EC4D}.Release|Any CPU.ActiveCfg = Release|Any CPU
		{F2431347-C839-452E-B4C1-C1DDF8C3EC4D}.Release|Any CPU.Build.0 = Release|Any CPU
		{D3A2CB13-F4AA-4ABE-A6AE-798FC9D4876A}.Debug|Any CPU.ActiveCfg = Debug|Any CPU
		{D3A2CB13-F4AA-4ABE-A6AE-798FC9D4876A}.Debug|Any CPU.Build.0 = Debug|Any CPU
		{D3A2CB13-F4AA-4ABE-A6AE-798FC9D4876A}.Release|Any CPU.ActiveCfg = Release|Any CPU
		{D3A2CB13-F4AA-4ABE-A6AE-798FC9D4876A}.Release|Any CPU.Build.0 = Release|Any CPU
		{4BA72A06-A630-437F-A0E6-7DB609938FF2}.Debug|Any CPU.ActiveCfg = Debug|Any CPU
		{4BA72A06-A630-437F-A0E6-7DB609938FF2}.Debug|Any CPU.Build.0 = Debug|Any CPU
		{4BA72A06-A630-437F-A0E6-7DB609938FF2}.Release|Any CPU.ActiveCfg = Release|Any CPU
		{4BA72A06-A630-437F-A0E6-7DB609938FF2}.Release|Any CPU.Build.0 = Release|Any CPU
		{5828B181-CB95-4CD7-9D02-A78B8F914BC8}.Debug|Any CPU.ActiveCfg = Debug|Any CPU
		{5828B181-CB95-4CD7-9D02-A78B8F914BC8}.Debug|Any CPU.Build.0 = Debug|Any CPU
		{5828B181-CB95-4CD7-9D02-A78B8F914BC8}.Release|Any CPU.ActiveCfg = Release|Any CPU
		{5828B181-CB95-4CD7-9D02-A78B8F914BC8}.Release|Any CPU.Build.0 = Release|Any CPU
		{DFD0059B-2240-44BE-AEB3-D5AB2DC634DA}.Debug|Any CPU.ActiveCfg = Debug|Any CPU
		{DFD0059B-2240-44BE-AEB3-D5AB2DC634DA}.Debug|Any CPU.Build.0 = Debug|Any CPU
		{DFD0059B-2240-44BE-AEB3-D5AB2DC634DA}.Release|Any CPU.ActiveCfg = Release|Any CPU
		{DFD0059B-2240-44BE-AEB3-D5AB2DC634DA}.Release|Any CPU.Build.0 = Release|Any CPU
	EndGlobalSection
	GlobalSection(SolutionProperties) = preSolution
		HideSolutionNode = FALSE
	EndGlobalSection
	GlobalSection(NestedProjects) = preSolution
		{3930AFB1-61E2-4B88-8141-7BB42B5D44BD} = {02EA681E-C7D8-13C7-8484-4AC65E1B71E8}
		{0E6C9AEA-C901-4D84-A510-5835215A81AD} = {02EA681E-C7D8-13C7-8484-4AC65E1B71E8}
		{FDBCF915-BF96-4205-AD77-B99A27F6C655} = {396B933A-F776-4371-80CA-2AAF04B631D6}
		{F2431347-C839-452E-B4C1-C1DDF8C3EC4D} = {02EA681E-C7D8-13C7-8484-4AC65E1B71E8}
		{D3A2CB13-F4AA-4ABE-A6AE-798FC9D4876A} = {396B933A-F776-4371-80CA-2AAF04B631D6}
		{4BA72A06-A630-437F-A0E6-7DB609938FF2} = {02EA681E-C7D8-13C7-8484-4AC65E1B71E8}
		{5828B181-CB95-4CD7-9D02-A78B8F914BC8} = {396B933A-F776-4371-80CA-2AAF04B631D6}
		{DFD0059B-2240-44BE-AEB3-D5AB2DC634DA} = {02EA681E-C7D8-13C7-8484-4AC65E1B71E8}
	EndGlobalSection
	GlobalSection(ExtensibilityGlobals) = postSolution
		SolutionGuid = {D311B37E-10EE-4070-92CD-41191F75C37C}
	EndGlobalSection
EndGlobal
