
Microsoft Visual Studio Solution File, Format Version 12.00
# Visual Studio Version 17
VisualStudioVersion = 17.14.36401.2
MinimumVisualStudioVersion = 10.0.40219.1
Project("{FAE04EC0-301F-11D3-BF4B-00C04F79EFBC}") = "Uniring.App", "Uniring.Web\Uniring.App.csproj", "{3930AFB1-61E2-4B88-8141-7BB42B5D44BD}"
EndProject
Project("{2150E333-8FDC-42A3-9474-1A3956D46DE8}") = "src", "src", "{02EA681E-C7D8-13C7-8484-4AC65E1B71E8}"
EndProject
Project("{FAE04EC0-301F-11D3-BF4B-00C04F79EFBC}") = "Uniring.Application", "Uniring.Application\Uniring.Application.csproj", "{0E6C9AEA-C901-4D84-A510-5835215A81AD}"
EndProject
Project("{2150E333-8FDC-42A3-9474-1A3956D46DE8}") = "test", "test", "{396B933A-F776-4371-80CA-2AAF04B631D6}"
EndProject
Project("{FAE04EC0-301F-11D3-BF4B-00C04F79EFBC}") = "Uniring.Domain", "Uniring.Domain\Uniring.Domain.csproj", "{F2431347-C839-452E-B4C1-C1DDF8C3EC4D}"
EndProject
Project("{FAE04EC0-301F-11D3-BF4B-00C04F79EFBC}") = "Uniring.Infrastructure", "Uniring.Infrastructure\Uniring.Infrastructure.csproj", "{4BA72A06-A630-437F-A0E6-7DB609938FF2}"
EndProject
Project("{FAE04EC0-301F-11D3-BF4B-00C04F79EFBC}") = "Uniring.Contracts", "Uniring.Contracts\Uniring.Contracts.csproj", "{DFD0059B-2240-44BE-AEB3-D5AB2DC634DA}"
EndProject
Project("{FAE04EC0-301F-11D3-BF4B-00C04F79EFBC}") = "Uniring.Api", "Uniring.Api\Uniring.Api.csproj", "{E04FD09A-E4BC-4F70-915B-BD973DF7BFC3}"
EndProject
Project("{2150E333-8FDC-42A3-9474-1A3956D46DE8}") = "Core", "Core", "{21668715-7B41-491B-8893-B495A008DD8E}"
EndProject
Project("{2150E333-8FDC-42A3-9474-1A3956D46DE8}") = "API", "API", "{2A13A5F8-9BB9-4FC1-9539-845DA290DDDE}"
EndProject
Project("{2150E333-8FDC-42A3-9474-1A3956D46DE8}") = "UI", "UI", "{C0434B35-AC5D-4B23-A674-F1857840BBF6}"
EndProject
Project("{2150E333-8FDC-42A3-9474-1A3956D46DE8}") = "Infrastructure", "Infrastructure", "{46E0FD9A-D625-4C62-A1B4-31837922F3F6}"
EndProject
Project("{FAE04EC0-301F-11D3-BF4B-00C04F79EFBC}") = "Uniring.Identity", "Uniring.Identity\Uniring.Identity.csproj", "{F191609D-7521-44F4-B67F-D7F7DD9F38A0}"
EndProject
Project("{FAE04EC0-301F-11D3-BF4B-00C04F79EFBC}") = "Uniring.Persistence", "Uniring.Persistence\Uniring.Persistence.csproj", "{3392B64D-2A0B-47D7-B7D9-CDC147199725}"
EndProject
Global
	GlobalSection(SolutionConfigurationPlatforms) = preSolution
		Debug|Any CPU = Debug|Any CPU
		Release|Any CPU = Release|Any CPU
	EndGlobalSection
	GlobalSection(ProjectConfigurationPlatforms) = postSolution
		{3930AFB1-61E2-4B88-8141-7BB42B5D44BD}.Debug|Any CPU.ActiveCfg = Debug|Any CPU
		{3930AFB1-61E2-4B88-8141-7BB42B5D44BD}.Debug|Any CPU.Build.0 = Debug|Any CPU
		{3930AFB1-61E2-4B88-8141-7BB42B5D44BD}.Release|Any CPU.ActiveCfg = Release|Any CPU
		{3930AFB1-61E2-4B88-8141-7BB42B5D44BD}.Release|Any CPU.Build.0 = Release|Any CPU
		{0E6C9AEA-C901-4D84-A510-5835215A81AD}.Debug|Any CPU.ActiveCfg = Debug|Any CPU
		{0E6C9AEA-C901-4D84-A510-5835215A81AD}.Debug|Any CPU.Build.0 = Debug|Any CPU
		{0E6C9AEA-C901-4D84-A510-5835215A81AD}.Release|Any CPU.ActiveCfg = Release|Any CPU
		{0E6C9AEA-C901-4D84-A510-5835215A81AD}.Release|Any CPU.Build.0 = Release|Any CPU
		{F2431347-C839-452E-B4C1-C1DDF8C3EC4D}.Debug|Any CPU.ActiveCfg = Debug|Any CPU
		{F2431347-C839-452E-B4C1-C1DDF8C3EC4D}.Debug|Any CPU.Build.0 = Debug|Any CPU
		{F2431347-C839-452E-B4C1-C1DDF8C3EC4D}.Release|Any CPU.ActiveCfg = Release|Any CPU
		{F2431347-C839-452E-B4C1-C1DDF8C3EC4D}.Release|Any CPU.Build.0 = Release|Any CPU
		{4BA72A06-A630-437F-A0E6-7DB609938FF2}.Debug|Any CPU.ActiveCfg = Debug|Any CPU
		{4BA72A06-A630-437F-A0E6-7DB609938FF2}.Debug|Any CPU.Build.0 = Debug|Any CPU
		{4BA72A06-A630-437F-A0E6-7DB609938FF2}.Release|Any CPU.ActiveCfg = Release|Any CPU
		{4BA72A06-A630-437F-A0E6-7DB609938FF2}.Release|Any CPU.Build.0 = Release|Any CPU
		{DFD0059B-2240-44BE-AEB3-D5AB2DC634DA}.Debug|Any CPU.ActiveCfg = Debug|Any CPU
		{DFD0059B-2240-44BE-AEB3-D5AB2DC634DA}.Debug|Any CPU.Build.0 = Debug|Any CPU
		{DFD0059B-2240-44BE-AEB3-D5AB2DC634DA}.Release|Any CPU.ActiveCfg = Release|Any CPU
		{DFD0059B-2240-44BE-AEB3-D5AB2DC634DA}.Release|Any CPU.Build.0 = Release|Any CPU
		{E04FD09A-E4BC-4F70-915B-BD973DF7BFC3}.Debug|Any CPU.ActiveCfg = Debug|Any CPU
		{E04FD09A-E4BC-4F70-915B-BD973DF7BFC3}.Debug|Any CPU.Build.0 = Debug|Any CPU
		{E04FD09A-E4BC-4F70-915B-BD973DF7BFC3}.Release|Any CPU.ActiveCfg = Release|Any CPU
		{E04FD09A-E4BC-4F70-915B-BD973DF7BFC3}.Release|Any CPU.Build.0 = Release|Any CPU
		{F191609D-7521-44F4-B67F-D7F7DD9F38A0}.Debug|Any CPU.ActiveCfg = Debug|Any CPU
		{F191609D-7521-44F4-B67F-D7F7DD9F38A0}.Debug|Any CPU.Build.0 = Debug|Any CPU
		{F191609D-7521-44F4-B67F-D7F7DD9F38A0}.Release|Any CPU.ActiveCfg = Release|Any CPU
		{F191609D-7521-44F4-B67F-D7F7DD9F38A0}.Release|Any CPU.Build.0 = Release|Any CPU
		{3392B64D-2A0B-47D7-B7D9-CDC147199725}.Debug|Any CPU.ActiveCfg = Debug|Any CPU
		{3392B64D-2A0B-47D7-B7D9-CDC147199725}.Debug|Any CPU.Build.0 = Debug|Any CPU
		{3392B64D-2A0B-47D7-B7D9-CDC147199725}.Release|Any CPU.ActiveCfg = Release|Any CPU
		{3392B64D-2A0B-47D7-B7D9-CDC147199725}.Release|Any CPU.Build.0 = Release|Any CPU
	EndGlobalSection
	GlobalSection(SolutionProperties) = preSolution
		HideSolutionNode = FALSE
	EndGlobalSection
	GlobalSection(NestedProjects) = preSolution
		{3930AFB1-61E2-4B88-8141-7BB42B5D44BD} = {C0434B35-AC5D-4B23-A674-F1857840BBF6}
		{0E6C9AEA-C901-4D84-A510-5835215A81AD} = {21668715-7B41-491B-8893-B495A008DD8E}
		{F2431347-C839-452E-B4C1-C1DDF8C3EC4D} = {21668715-7B41-491B-8893-B495A008DD8E}
		{4BA72A06-A630-437F-A0E6-7DB609938FF2} = {46E0FD9A-D625-4C62-A1B4-31837922F3F6}
		{DFD0059B-2240-44BE-AEB3-D5AB2DC634DA} = {21668715-7B41-491B-8893-B495A008DD8E}
		{E04FD09A-E4BC-4F70-915B-BD973DF7BFC3} = {2A13A5F8-9BB9-4FC1-9539-845DA290DDDE}
		{21668715-7B41-491B-8893-B495A008DD8E} = {02EA681E-C7D8-13C7-8484-4AC65E1B71E8}
		{2A13A5F8-9BB9-4FC1-9539-845DA290DDDE} = {02EA681E-C7D8-13C7-8484-4AC65E1B71E8}
		{C0434B35-AC5D-4B23-A674-F1857840BBF6} = {02EA681E-C7D8-13C7-8484-4AC65E1B71E8}
		{46E0FD9A-D625-4C62-A1B4-31837922F3F6} = {02EA681E-C7D8-13C7-8484-4AC65E1B71E8}
		{F191609D-7521-44F4-B67F-D7F7DD9F38A0} = {46E0FD9A-D625-4C62-A1B4-31837922F3F6}
		{3392B64D-2A0B-47D7-B7D9-CDC147199725} = {46E0FD9A-D625-4C62-A1B4-31837922F3F6}
	EndGlobalSection
	GlobalSection(ExtensibilityGlobals) = postSolution
		SolutionGuid = {D311B37E-10EE-4070-92CD-41191F75C37C}
	EndGlobalSection
EndGlobal
